
Microsoft Visual Studio Solution File, Format Version 12.00
# Visual Studio Version 16
VisualStudioVersion = 16.0.29920.165
MinimumVisualStudioVersion = 10.0.40219.1
Project("{FAE04EC0-301F-11D3-BF4B-00C04F79EFBC}") = "middlewareTest", "middlewareTest.csproj", "{9F94954C-DB01-4B9F-A1E6-A8C13E790439}"
EndProject
Project("{FAE04EC0-301F-11D3-BF4B-00C04F79EFBC}") = "Middleware.Tests", "..\Middleware.Tests\Middleware.Tests.csproj", "{F7A63F63-C029-48BD-BE1A-C332F263FEBE}"
EndProject
Global
	GlobalSection(SolutionConfigurationPlatforms) = preSolution
		Debug|Any CPU = Debug|Any CPU
		Release|Any CPU = Release|Any CPU
	EndGlobalSection
	GlobalSection(ProjectConfigurationPlatforms) = postSolution
		{9F94954C-DB01-4B9F-A1E6-A8C13E790439}.Debug|Any CPU.ActiveCfg = Debug|Any CPU
		{9F94954C-DB01-4B9F-A1E6-A8C13E790439}.Debug|Any CPU.Build.0 = Debug|Any CPU
		{9F94954C-DB01-4B9F-A1E6-A8C13E790439}.Release|Any CPU.ActiveCfg = Release|Any CPU
		{9F94954C-DB01-4B9F-A1E6-A8C13E790439}.Release|Any CPU.Build.0 = Release|Any CPU
		{F7A63F63-C029-48BD-BE1A-C332F263FEBE}.Debug|Any CPU.ActiveCfg = Debug|Any CPU
		{F7A63F63-C029-48BD-BE1A-C332F263FEBE}.Debug|Any CPU.Build.0 = Debug|Any CPU
		{F7A63F63-C029-48BD-BE1A-C332F263FEBE}.Release|Any CPU.ActiveCfg = Release|Any CPU
		{F7A63F63-C029-48BD-BE1A-C332F263FEBE}.Release|Any CPU.Build.0 = Release|Any CPU
	EndGlobalSection
	GlobalSection(SolutionProperties) = preSolution
		HideSolutionNode = FALSE
	EndGlobalSection
	GlobalSection(ExtensibilityGlobals) = postSolution
		SolutionGuid = {D328297F-BC94-424C-9E41-8F287DCDF567}
	EndGlobalSection
EndGlobal
